// !$*UTF8*$!
{
	archiveVersion = 1;
	classes = {
	};
	objectVersion = 46;
	objects = {

/* Begin PBXBuildFile section */
		3476B4891E0478E1003D63FC /* main.m in Sources */ = {isa = PBXBuildFile; fileRef = 3476B4881E0478E1003D63FC /* main.m */; };
		3476B48C1E0478E1003D63FC /* AppDelegate.m in Sources */ = {isa = PBXBuildFile; fileRef = 3476B48B1E0478E1003D63FC /* AppDelegate.m */; };
		3476B4941E0478E1003D63FC /* Assets.xcassets in Resources */ = {isa = PBXBuildFile; fileRef = 3476B4931E0478E1003D63FC /* Assets.xcassets */; };
		3476B4971E0478E1003D63FC /* LaunchScreen.storyboard in Resources */ = {isa = PBXBuildFile; fileRef = 3476B4951E0478E1003D63FC /* LaunchScreen.storyboard */; };
		3476B4A21E0478E1003D63FC /* MyThemeTests.m in Sources */ = {isa = PBXBuildFile; fileRef = 3476B4A11E0478E1003D63FC /* MyThemeTests.m */; };
		3476B4AD1E0478E1003D63FC /* MyThemeUITests.m in Sources */ = {isa = PBXBuildFile; fileRef = 3476B4AC1E0478E1003D63FC /* MyThemeUITests.m */; };
		3476B4BF1E04798F003D63FC /* constant.m in Sources */ = {isa = PBXBuildFile; fileRef = 3476B4BE1E04798F003D63FC /* constant.m */; };
		3490FDE11E04C2D0009AE8AC /* HomeViewController.m in Sources */ = {isa = PBXBuildFile; fileRef = 3490FDE01E04C2D0009AE8AC /* HomeViewController.m */; };
/* End PBXBuildFile section */

/* Begin PBXContainerItemProxy section */
		3476B49E1E0478E1003D63FC /* PBXContainerItemProxy */ = {
			isa = PBXContainerItemProxy;
			containerPortal = 3476B47C1E0478E0003D63FC /* Project object */;
			proxyType = 1;
			remoteGlobalIDString = 3476B4831E0478E0003D63FC;
			remoteInfo = MyTheme;
		};
		3476B4A91E0478E1003D63FC /* PBXContainerItemProxy */ = {
			isa = PBXContainerItemProxy;
			containerPortal = 3476B47C1E0478E0003D63FC /* Project object */;
			proxyType = 1;
			remoteGlobalIDString = 3476B4831E0478E0003D63FC;
			remoteInfo = MyTheme;
		};
/* End PBXContainerItemProxy section */

/* Begin PBXFileReference section */
		3476B4841E0478E0003D63FC /* MyTheme.app */ = {isa = PBXFileReference; explicitFileType = wrapper.application; includeInIndex = 0; path = MyTheme.app; sourceTree = BUILT_PRODUCTS_DIR; };
		3476B4881E0478E1003D63FC /* main.m */ = {isa = PBXFileReference; lastKnownFileType = sourcecode.c.objc; path = main.m; sourceTree = "<group>"; };
		3476B48A1E0478E1003D63FC /* AppDelegate.h */ = {isa = PBXFileReference; lastKnownFileType = sourcecode.c.h; path = AppDelegate.h; sourceTree = "<group>"; };
		3476B48B1E0478E1003D63FC /* AppDelegate.m */ = {isa = PBXFileReference; lastKnownFileType = sourcecode.c.objc; path = AppDelegate.m; sourceTree = "<group>"; };
		3476B4931E0478E1003D63FC /* Assets.xcassets */ = {isa = PBXFileReference; lastKnownFileType = folder.assetcatalog; path = Assets.xcassets; sourceTree = "<group>"; };
		3476B4961E0478E1003D63FC /* Base */ = {isa = PBXFileReference; lastKnownFileType = file.storyboard; name = Base; path = Base.lproj/LaunchScreen.storyboard; sourceTree = "<group>"; };
		3476B4981E0478E1003D63FC /* Info.plist */ = {isa = PBXFileReference; lastKnownFileType = text.plist.xml; path = Info.plist; sourceTree = "<group>"; };
		3476B49D1E0478E1003D63FC /* MyThemeTests.xctest */ = {isa = PBXFileReference; explicitFileType = wrapper.cfbundle; includeInIndex = 0; path = MyThemeTests.xctest; sourceTree = BUILT_PRODUCTS_DIR; };
		3476B4A11E0478E1003D63FC /* MyThemeTests.m */ = {isa = PBXFileReference; lastKnownFileType = sourcecode.c.objc; path = MyThemeTests.m; sourceTree = "<group>"; };
		3476B4A31E0478E1003D63FC /* Info.plist */ = {isa = PBXFileReference; lastKnownFileType = text.plist.xml; path = Info.plist; sourceTree = "<group>"; };
		3476B4A81E0478E1003D63FC /* MyThemeUITests.xctest */ = {isa = PBXFileReference; explicitFileType = wrapper.cfbundle; includeInIndex = 0; path = MyThemeUITests.xctest; sourceTree = BUILT_PRODUCTS_DIR; };
		3476B4AC1E0478E1003D63FC /* MyThemeUITests.m */ = {isa = PBXFileReference; lastKnownFileType = sourcecode.c.objc; path = MyThemeUITests.m; sourceTree = "<group>"; };
		3476B4AE1E0478E1003D63FC /* Info.plist */ = {isa = PBXFileReference; lastKnownFileType = text.plist.xml; path = Info.plist; sourceTree = "<group>"; };
		3476B4BA1E04793B003D63FC /* PrefixHeader.pch */ = {isa = PBXFileReference; lastKnownFileType = sourcecode.c.h; path = PrefixHeader.pch; sourceTree = "<group>"; };
		3476B4BD1E04798F003D63FC /* constant.h */ = {isa = PBXFileReference; fileEncoding = 4; lastKnownFileType = sourcecode.c.h; path = constant.h; sourceTree = "<group>"; };
		3476B4BE1E04798F003D63FC /* constant.m */ = {isa = PBXFileReference; fileEncoding = 4; lastKnownFileType = sourcecode.c.objc; path = constant.m; sourceTree = "<group>"; };
		3490FDDF1E04C2D0009AE8AC /* HomeViewController.h */ = {isa = PBXFileReference; fileEncoding = 4; lastKnownFileType = sourcecode.c.h; path = HomeViewController.h; sourceTree = "<group>"; };
		3490FDE01E04C2D0009AE8AC /* HomeViewController.m */ = {isa = PBXFileReference; fileEncoding = 4; lastKnownFileType = sourcecode.c.objc; path = HomeViewController.m; sourceTree = "<group>"; };
/* End PBXFileReference section */

/* Begin PBXFrameworksBuildPhase section */
		3476B4811E0478E0003D63FC /* Frameworks */ = {
			isa = PBXFrameworksBuildPhase;
			buildActionMask = 2147483647;
			files = (
			);
			runOnlyForDeploymentPostprocessing = 0;
		};
		3476B49A1E0478E1003D63FC /* Frameworks */ = {
			isa = PBXFrameworksBuildPhase;
			buildActionMask = 2147483647;
			files = (
			);
			runOnlyForDeploymentPostprocessing = 0;
		};
		3476B4A51E0478E1003D63FC /* Frameworks */ = {
			isa = PBXFrameworksBuildPhase;
			buildActionMask = 2147483647;
			files = (
			);
			runOnlyForDeploymentPostprocessing = 0;
		};
/* End PBXFrameworksBuildPhase section */

/* Begin PBXGroup section */
		3476B47B1E0478E0003D63FC = {
			isa = PBXGroup;
			children = (
				3476B4861E0478E0003D63FC /* MyTheme */,
				3476B4A01E0478E1003D63FC /* MyThemeTests */,
				3476B4AB1E0478E1003D63FC /* MyThemeUITests */,
				3476B4851E0478E0003D63FC /* Products */,
			);
			sourceTree = "<group>";
		};
		3476B4851E0478E0003D63FC /* Products */ = {
			isa = PBXGroup;
			children = (
				3476B4841E0478E0003D63FC /* MyTheme.app */,
				3476B49D1E0478E1003D63FC /* MyThemeTests.xctest */,
				3476B4A81E0478E1003D63FC /* MyThemeUITests.xctest */,
			);
			name = Products;
			sourceTree = "<group>";
		};
		3476B4861E0478E0003D63FC /* MyTheme */ = {
			isa = PBXGroup;
			children = (
				3490FDDE1E04C2B3009AE8AC /* Controller */,
				3476B4BC1E04796D003D63FC /* constant */,
				3476B4BB1E04794E003D63FC /* APPDelegate */,
				3476B4931E0478E1003D63FC /* Assets.xcassets */,
				3476B4951E0478E1003D63FC /* LaunchScreen.storyboard */,
				3476B4981E0478E1003D63FC /* Info.plist */,
				3476B4871E0478E1003D63FC /* Supporting Files */,
				3476B4BA1E04793B003D63FC /* PrefixHeader.pch */,
			);
			path = MyTheme;
			sourceTree = "<group>";
		};
		3476B4871E0478E1003D63FC /* Supporting Files */ = {
			isa = PBXGroup;
			children = (
				3476B4881E0478E1003D63FC /* main.m */,
			);
			name = "Supporting Files";
			sourceTree = "<group>";
		};
		3476B4A01E0478E1003D63FC /* MyThemeTests */ = {
			isa = PBXGroup;
			children = (
				3476B4A11E0478E1003D63FC /* MyThemeTests.m */,
				3476B4A31E0478E1003D63FC /* Info.plist */,
			);
			path = MyThemeTests;
			sourceTree = "<group>";
		};
		3476B4AB1E0478E1003D63FC /* MyThemeUITests */ = {
			isa = PBXGroup;
			children = (
				3476B4AC1E0478E1003D63FC /* MyThemeUITests.m */,
				3476B4AE1E0478E1003D63FC /* Info.plist */,
			);
			path = MyThemeUITests;
			sourceTree = "<group>";
		};
		3476B4BB1E04794E003D63FC /* APPDelegate */ = {
			isa = PBXGroup;
			children = (
				3476B48A1E0478E1003D63FC /* AppDelegate.h */,
				3476B48B1E0478E1003D63FC /* AppDelegate.m */,
			);
			name = APPDelegate;
			sourceTree = "<group>";
		};
		3476B4BC1E04796D003D63FC /* constant */ = {
			isa = PBXGroup;
			children = (
				3476B4BD1E04798F003D63FC /* constant.h */,
				3476B4BE1E04798F003D63FC /* constant.m */,
			);
			name = constant;
			sourceTree = "<group>";
		};
		3490FDDE1E04C2B3009AE8AC /* Controller */ = {
			isa = PBXGroup;
			children = (
				3490FDDF1E04C2D0009AE8AC /* HomeViewController.h */,
				3490FDE01E04C2D0009AE8AC /* HomeViewController.m */,
			);
			name = Controller;
			sourceTree = "<group>";
		};
/* End PBXGroup section */

/* Begin PBXNativeTarget section */
		3476B4831E0478E0003D63FC /* MyTheme */ = {
			isa = PBXNativeTarget;
			buildConfigurationList = 3476B4B11E0478E1003D63FC /* Build configuration list for PBXNativeTarget "MyTheme" */;
			buildPhases = (
				3476B4801E0478E0003D63FC /* Sources */,
				3476B4811E0478E0003D63FC /* Frameworks */,
				3476B4821E0478E0003D63FC /* Resources */,
			);
			buildRules = (
			);
			dependencies = (
			);
			name = MyTheme;
			productName = MyTheme;
			productReference = 3476B4841E0478E0003D63FC /* MyTheme.app */;
			productType = "com.apple.product-type.application";
		};
		3476B49C1E0478E1003D63FC /* MyThemeTests */ = {
			isa = PBXNativeTarget;
			buildConfigurationList = 3476B4B41E0478E1003D63FC /* Build configuration list for PBXNativeTarget "MyThemeTests" */;
			buildPhases = (
				3476B4991E0478E1003D63FC /* Sources */,
				3476B49A1E0478E1003D63FC /* Frameworks */,
				3476B49B1E0478E1003D63FC /* Resources */,
			);
			buildRules = (
			);
			dependencies = (
				3476B49F1E0478E1003D63FC /* PBXTargetDependency */,
			);
			name = MyThemeTests;
			productName = MyThemeTests;
			productReference = 3476B49D1E0478E1003D63FC /* MyThemeTests.xctest */;
			productType = "com.apple.product-type.bundle.unit-test";
		};
		3476B4A71E0478E1003D63FC /* MyThemeUITests */ = {
			isa = PBXNativeTarget;
			buildConfigurationList = 3476B4B71E0478E1003D63FC /* Build configuration list for PBXNativeTarget "MyThemeUITests" */;
			buildPhases = (
				3476B4A41E0478E1003D63FC /* Sources */,
				3476B4A51E0478E1003D63FC /* Frameworks */,
				3476B4A61E0478E1003D63FC /* Resources */,
			);
			buildRules = (
			);
			dependencies = (
				3476B4AA1E0478E1003D63FC /* PBXTargetDependency */,
			);
			name = MyThemeUITests;
			productName = MyThemeUITests;
			productReference = 3476B4A81E0478E1003D63FC /* MyThemeUITests.xctest */;
			productType = "com.apple.product-type.bundle.ui-testing";
		};
/* End PBXNativeTarget section */

/* Begin PBXProject section */
		3476B47C1E0478E0003D63FC /* Project object */ = {
			isa = PBXProject;
			attributes = {
				LastUpgradeCheck = 0730;
				ORGANIZATIONNAME = "放爷小MAC";
				TargetAttributes = {
					3476B4831E0478E0003D63FC = {
						CreatedOnToolsVersion = 7.3;
						DevelopmentTeam = 9R8R6F698E;
					};
					3476B49C1E0478E1003D63FC = {
						CreatedOnToolsVersion = 7.3;
						TestTargetID = 3476B4831E0478E0003D63FC;
					};
					3476B4A71E0478E1003D63FC = {
						CreatedOnToolsVersion = 7.3;
						TestTargetID = 3476B4831E0478E0003D63FC;
					};
				};
			};
			buildConfigurationList = 3476B47F1E0478E0003D63FC /* Build configuration list for PBXProject "MyTheme" */;
			compatibilityVersion = "Xcode 3.2";
			developmentRegion = English;
			hasScannedForEncodings = 0;
			knownRegions = (
				en,
				Base,
			);
			mainGroup = 3476B47B1E0478E0003D63FC;
			productRefGroup = 3476B4851E0478E0003D63FC /* Products */;
			projectDirPath = "";
			projectRoot = "";
			targets = (
				3476B4831E0478E0003D63FC /* MyTheme */,
				3476B49C1E0478E1003D63FC /* MyThemeTests */,
				3476B4A71E0478E1003D63FC /* MyThemeUITests */,
			);
		};
/* End PBXProject section */

/* Begin PBXResourcesBuildPhase section */
		3476B4821E0478E0003D63FC /* Resources */ = {
			isa = PBXResourcesBuildPhase;
			buildActionMask = 2147483647;
			files = (
				3476B4971E0478E1003D63FC /* LaunchScreen.storyboard in Resources */,
				3476B4941E0478E1003D63FC /* Assets.xcassets in Resources */,
			);
			runOnlyForDeploymentPostprocessing = 0;
		};
		3476B49B1E0478E1003D63FC /* Resources */ = {
			isa = PBXResourcesBuildPhase;
			buildActionMask = 2147483647;
			files = (
			);
			runOnlyForDeploymentPostprocessing = 0;
		};
		3476B4A61E0478E1003D63FC /* Resources */ = {
			isa = PBXResourcesBuildPhase;
			buildActionMask = 2147483647;
			files = (
			);
			runOnlyForDeploymentPostprocessing = 0;
		};
/* End PBXResourcesBuildPhase section */

/* Begin PBXSourcesBuildPhase section */
		3476B4801E0478E0003D63FC /* Sources */ = {
			isa = PBXSourcesBuildPhase;
			buildActionMask = 2147483647;
			files = (
				3476B4BF1E04798F003D63FC /* constant.m in Sources */,
				3476B48C1E0478E1003D63FC /* AppDelegate.m in Sources */,
				3476B4891E0478E1003D63FC /* main.m in Sources */,
				3490FDE11E04C2D0009AE8AC /* HomeViewController.m in Sources */,
			);
			runOnlyForDeploymentPostprocessing = 0;
		};
		3476B4991E0478E1003D63FC /* Sources */ = {
			isa = PBXSourcesBuildPhase;
			buildActionMask = 2147483647;
			files = (
				3476B4A21E0478E1003D63FC /* MyThemeTests.m in Sources */,
			);
			runOnlyForDeploymentPostprocessing = 0;
		};
		3476B4A41E0478E1003D63FC /* Sources */ = {
			isa = PBXSourcesBuildPhase;
			buildActionMask = 2147483647;
			files = (
				3476B4AD1E0478E1003D63FC /* MyThemeUITests.m in Sources */,
			);
			runOnlyForDeploymentPostprocessing = 0;
		};
/* End PBXSourcesBuildPhase section */

/* Begin PBXTargetDependency section */
		3476B49F1E0478E1003D63FC /* PBXTargetDependency */ = {
			isa = PBXTargetDependency;
			target = 3476B4831E0478E0003D63FC /* MyTheme */;
			targetProxy = 3476B49E1E0478E1003D63FC /* PBXContainerItemProxy */;
		};
		3476B4AA1E0478E1003D63FC /* PBXTargetDependency */ = {
			isa = PBXTargetDependency;
			target = 3476B4831E0478E0003D63FC /* MyTheme */;
			targetProxy = 3476B4A91E0478E1003D63FC /* PBXContainerItemProxy */;
		};
/* End PBXTargetDependency section */

/* Begin PBXVariantGroup section */
		3476B4951E0478E1003D63FC /* LaunchScreen.storyboard */ = {
			isa = PBXVariantGroup;
			children = (
				3476B4961E0478E1003D63FC /* Base */,
			);
			name = LaunchScreen.storyboard;
			sourceTree = "<group>";
		};
/* End PBXVariantGroup section */

/* Begin XCBuildConfiguration section */
		3476B4AF1E0478E1003D63FC /* Debug */ = {
			isa = XCBuildConfiguration;
			buildSettings = {
				ALWAYS_SEARCH_USER_PATHS = NO;
				CLANG_ANALYZER_NONNULL = YES;
				CLANG_CXX_LANGUAGE_STANDARD = "gnu++0x";
				CLANG_CXX_LIBRARY = "libc++";
				CLANG_ENABLE_MODULES = YES;
				CLANG_ENABLE_OBJC_ARC = YES;
				CLANG_WARN_BOOL_CONVERSION = YES;
				CLANG_WARN_CONSTANT_CONVERSION = YES;
				CLANG_WARN_DIRECT_OBJC_ISA_USAGE = YES_ERROR;
				CLANG_WARN_EMPTY_BODY = YES;
				CLANG_WARN_ENUM_CONVERSION = YES;
				CLANG_WARN_INT_CONVERSION = YES;
				CLANG_WARN_OBJC_ROOT_CLASS = YES_ERROR;
				CLANG_WARN_UNREACHABLE_CODE = YES;
				CLANG_WARN__DUPLICATE_METHOD_MATCH = YES;
				"CODE_SIGN_IDENTITY[sdk=iphoneos*]" = "iPhone Developer";
				COPY_PHASE_STRIP = NO;
				DEBUG_INFORMATION_FORMAT = dwarf;
				ENABLE_STRICT_OBJC_MSGSEND = YES;
				ENABLE_TESTABILITY = YES;
				GCC_C_LANGUAGE_STANDARD = gnu99;
				GCC_DYNAMIC_NO_PIC = NO;
				GCC_NO_COMMON_BLOCKS = YES;
				GCC_OPTIMIZATION_LEVEL = 0;
				GCC_PREPROCESSOR_DEFINITIONS = (
					"DEBUG=1",
					"$(inherited)",
				);
				GCC_WARN_64_TO_32_BIT_CONVERSION = YES;
				GCC_WARN_ABOUT_RETURN_TYPE = YES_ERROR;
				GCC_WARN_UNDECLARED_SELECTOR = YES;
				GCC_WARN_UNINITIALIZED_AUTOS = YES_AGGRESSIVE;
				GCC_WARN_UNUSED_FUNCTION = YES;
				GCC_WARN_UNUSED_VARIABLE = YES;
				IPHONEOS_DEPLOYMENT_TARGET = 9.3;
				MTL_ENABLE_DEBUG_INFO = YES;
				ONLY_ACTIVE_ARCH = YES;
				SDKROOT = iphoneos;
				TARGETED_DEVICE_FAMILY = "1,2";
			};
			name = Debug;
		};
		3476B4B01E0478E1003D63FC /* Release */ = {
			isa = XCBuildConfiguration;
			buildSettings = {
				ALWAYS_SEARCH_USER_PATHS = NO;
				CLANG_ANALYZER_NONNULL = YES;
				CLANG_CXX_LANGUAGE_STANDARD = "gnu++0x";
				CLANG_CXX_LIBRARY = "libc++";
				CLANG_ENABLE_MODULES = YES;
				CLANG_ENABLE_OBJC_ARC = YES;
				CLANG_WARN_BOOL_CONVERSION = YES;
				CLANG_WARN_CONSTANT_CONVERSION = YES;
				CLANG_WARN_DIRECT_OBJC_ISA_USAGE = YES_ERROR;
				CLANG_WARN_EMPTY_BODY = YES;
				CLANG_WARN_ENUM_CONVERSION = YES;
				CLANG_WARN_INT_CONVERSION = YES;
				CLANG_WARN_OBJC_ROOT_CLASS = YES_ERROR;
				CLANG_WARN_UNREACHABLE_CODE = YES;
				CLANG_WARN__DUPLICATE_METHOD_MATCH = YES;
				"CODE_SIGN_IDENTITY[sdk=iphoneos*]" = "iPhone Developer";
				COPY_PHASE_STRIP = NO;
				DEBUG_INFORMATION_FORMAT = "dwarf-with-dsym";
				ENABLE_NS_ASSERTIONS = NO;
				ENABLE_STRICT_OBJC_MSGSEND = YES;
				GCC_C_LANGUAGE_STANDARD = gnu99;
				GCC_NO_COMMON_BLOCKS = YES;
				GCC_WARN_64_TO_32_BIT_CONVERSION = YES;
				GCC_WARN_ABOUT_RETURN_TYPE = YES_ERROR;
				GCC_WARN_UNDECLARED_SELECTOR = YES;
				GCC_WARN_UNINITIALIZED_AUTOS = YES_AGGRESSIVE;
				GCC_WARN_UNUSED_FUNCTION = YES;
				GCC_WARN_UNUSED_VARIABLE = YES;
				IPHONEOS_DEPLOYMENT_TARGET = 9.3;
				MTL_ENABLE_DEBUG_INFO = NO;
				SDKROOT = iphoneos;
				TARGETED_DEVICE_FAMILY = "1,2";
				VALIDATE_PRODUCT = YES;
			};
			name = Release;
		};
		3476B4B21E0478E1003D63FC /* Debug */ = {
			isa = XCBuildConfiguration;
			buildSettings = {
				ASSETCATALOG_COMPILER_APPICON_NAME = AppIcon;
				CODE_SIGN_IDENTITY = "iPhone Developer";
				"CODE_SIGN_IDENTITY[sdk=iphoneos*]" = "iPhone Developer";
				INFOPLIST_FILE = MyTheme/Info.plist;
				LD_RUNPATH_SEARCH_PATHS = "$(inherited) @executable_path/Frameworks";
				PRODUCT_BUNDLE_IDENTIFIER = com.fangchuyu.MyTheme;
				PRODUCT_NAME = "$(TARGET_NAME)";
				PROVISIONING_PROFILE = "";
			};
			name = Debug;
		};
		3476B4B31E0478E1003D63FC /* Release */ = {
			isa = XCBuildConfiguration;
			buildSettings = {
				ASSETCATALOG_COMPILER_APPICON_NAME = AppIcon;
				CODE_SIGN_IDENTITY = "iPhone Developer";
				"CODE_SIGN_IDENTITY[sdk=iphoneos*]" = "iPhone Developer";
				INFOPLIST_FILE = MyTheme/Info.plist;
				LD_RUNPATH_SEARCH_PATHS = "$(inherited) @executable_path/Frameworks";
				PRODUCT_BUNDLE_IDENTIFIER = com.fangchuyu.MyTheme;
				PRODUCT_NAME = "$(TARGET_NAME)";
				PROVISIONING_PROFILE = "";
			};
			name = Release;
		};
		3476B4B51E0478E1003D63FC /* Debug */ = {
			isa = XCBuildConfiguration;
			buildSettings = {
				BUNDLE_LOADER = "$(TEST_HOST)";
				INFOPLIST_FILE = MyThemeTests/Info.plist;
				LD_RUNPATH_SEARCH_PATHS = "$(inherited) @executable_path/Frameworks @loader_path/Frameworks";
				PRODUCT_BUNDLE_IDENTIFIER = com.fangchuyu.MyThemeTests;
				PRODUCT_NAME = "$(TARGET_NAME)";
				TEST_HOST = "$(BUILT_PRODUCTS_DIR)/MyTheme.app/MyTheme";
			};
			name = Debug;
		};
		3476B4B61E0478E1003D63FC /* Release */ = {
			isa = XCBuildConfiguration;
			buildSettings = {
				BUNDLE_LOADER = "$(TEST_HOST)";
				INFOPLIST_FILE = MyThemeTests/Info.plist;
				LD_RUNPATH_SEARCH_PATHS = "$(inherited) @executable_path/Frameworks @loader_path/Frameworks";
				PRODUCT_BUNDLE_IDENTIFIER = com.fangchuyu.MyThemeTests;
				PRODUCT_NAME = "$(TARGET_NAME)";
				TEST_HOST = "$(BUILT_PRODUCTS_DIR)/MyTheme.app/MyTheme";
			};
			name = Release;
		};
		3476B4B81E0478E1003D63FC /* Debug */ = {
			isa = XCBuildConfiguration;
			buildSettings = {
				INFOPLIST_FILE = MyThemeUITests/Info.plist;
				LD_RUNPATH_SEARCH_PATHS = "$(inherited) @executable_path/Frameworks @loader_path/Frameworks";
				PRODUCT_BUNDLE_IDENTIFIER = com.fangchuyu.MyThemeUITests;
				PRODUCT_NAME = "$(TARGET_NAME)";
				TEST_TARGET_NAME = MyTheme;
			};
			name = Debug;
		};
		3476B4B91E0478E1003D63FC /* Release */ = {
			isa = XCBuildConfiguration;
			buildSettings = {
				INFOPLIST_FILE = MyThemeUITests/Info.plist;
				LD_RUNPATH_SEARCH_PATHS = "$(inherited) @executable_path/Frameworks @loader_path/Frameworks";
				PRODUCT_BUNDLE_IDENTIFIER = com.fangchuyu.MyThemeUITests;
				PRODUCT_NAME = "$(TARGET_NAME)";
				TEST_TARGET_NAME = MyTheme;
			};
			name = Release;
		};
/* End XCBuildConfiguration section */

/* Begin XCConfigurationList section */
		3476B47F1E0478E0003D63FC /* Build configuration list for PBXProject "MyTheme" */ = {
			isa = XCConfigurationList;
			buildConfigurations = (
				3476B4AF1E0478E1003D63FC /* Debug */,
				3476B4B01E0478E1003D63FC /* Release */,
			);
			defaultConfigurationIsVisible = 0;
			defaultConfigurationName = Release;
		};
		3476B4B11E0478E1003D63FC /* Build configuration list for PBXNativeTarget "MyTheme" */ = {
			isa = XCConfigurationList;
			buildConfigurations = (
				3476B4B21E0478E1003D63FC /* Debug */,
				3476B4B31E0478E1003D63FC /* Release */,
			);
			defaultConfigurationIsVisible = 0;
			defaultConfigurationName = Release;
		};
		3476B4B41E0478E1003D63FC /* Build configuration list for PBXNativeTarget "MyThemeTests" */ = {
			isa = XCConfigurationList;
			buildConfigurations = (
				3476B4B51E0478E1003D63FC /* Debug */,
				3476B4B61E0478E1003D63FC /* Release */,
			);
			defaultConfigurationIsVisible = 0;
			defaultConfigurationName = Release;
		};
		3476B4B71E0478E1003D63FC /* Build configuration list for PBXNativeTarget "MyThemeUITests" */ = {
			isa = XCConfigurationList;
			buildConfigurations = (
				3476B4B81E0478E1003D63FC /* Debug */,
				3476B4B91E0478E1003D63FC /* Release */,
			);
			defaultConfigurationIsVisible = 0;
			defaultConfigurationName = Release;
		};
/* End XCConfigurationList section */
	};
	rootObject = 3476B47C1E0478E0003D63FC /* Project object */;
}
