// !$*UTF8*$!
{
	archiveVersion = 1;
	classes = {
	};
	objectVersion = 46;
	objects = {

/* Begin PBXBuildFile section */
		3437DC401E21ACC000B97888 /* normalCell.m in Sources */ = {isa = PBXBuildFile; fileRef = 3437DC3F1E21ACC000B97888 /* normalCell.m */; };
		3437DC441E21D68900B97888 /* UIView+externsion.m in Sources */ = {isa = PBXBuildFile; fileRef = 3437DC431E21D68900B97888 /* UIView+externsion.m */; };
		3437DC471E21DB7600B97888 /* UIImage+externsion.m in Sources */ = {isa = PBXBuildFile; fileRef = 3437DC461E21DB7600B97888 /* UIImage+externsion.m */; };
		3476B4891E0478E1003D63FC /* main.m in Sources */ = {isa = PBXBuildFile; fileRef = 3476B4881E0478E1003D63FC /* main.m */; };
		3476B48C1E0478E1003D63FC /* AppDelegate.m in Sources */ = {isa = PBXBuildFile; fileRef = 3476B48B1E0478E1003D63FC /* AppDelegate.m */; };
		3476B4941E0478E1003D63FC /* Assets.xcassets in Resources */ = {isa = PBXBuildFile; fileRef = 3476B4931E0478E1003D63FC /* Assets.xcassets */; };
		3476B4971E0478E1003D63FC /* LaunchScreen.storyboard in Resources */ = {isa = PBXBuildFile; fileRef = 3476B4951E0478E1003D63FC /* LaunchScreen.storyboard */; };
		3476B4A21E0478E1003D63FC /* MyThemeTests.m in Sources */ = {isa = PBXBuildFile; fileRef = 3476B4A11E0478E1003D63FC /* MyThemeTests.m */; };
		3476B4AD1E0478E1003D63FC /* MyThemeUITests.m in Sources */ = {isa = PBXBuildFile; fileRef = 3476B4AC1E0478E1003D63FC /* MyThemeUITests.m */; };
		3476B4BF1E04798F003D63FC /* constant.mm in Sources */ = {isa = PBXBuildFile; fileRef = 3476B4BE1E04798F003D63FC /* constant.mm */; };
		348F706B1E24173900CD2118 /* 图片 in Resources */ = {isa = PBXBuildFile; fileRef = 348F706A1E24173900CD2118 /* 图片 */; };
		3490FDE11E04C2D0009AE8AC /* HomeViewController.m in Sources */ = {isa = PBXBuildFile; fileRef = 3490FDE01E04C2D0009AE8AC /* HomeViewController.m */; };
		34F7ED7C1E23DDA800302975 /* LoginSB.storyboard in Resources */ = {isa = PBXBuildFile; fileRef = 34F7ED7B1E23DDA800302975 /* LoginSB.storyboard */; };
		34F7ED801E23E01000302975 /* Icon-2.png in Resources */ = {isa = PBXBuildFile; fileRef = 34F7ED7F1E23E01000302975 /* Icon-2.png */; };
		34F7ED831E23E37200302975 /* LoginViewController.m in Sources */ = {isa = PBXBuildFile; fileRef = 34F7ED821E23E37200302975 /* LoginViewController.m */; };
		34F7ED871E23E4C000302975 /* Icon-1.png in Resources */ = {isa = PBXBuildFile; fileRef = 34F7ED861E23E4C000302975 /* Icon-1.png */; };
		34F7ED8B1E23EC5200302975 /* XKeyBoard.m in Sources */ = {isa = PBXBuildFile; fileRef = 34F7ED891E23EC5200302975 /* XKeyBoard.m */; };
		34F7ED911E23F8CC00302975 /* registerSB.storyboard in Resources */ = {isa = PBXBuildFile; fileRef = 34F7ED901E23F8CC00302975 /* registerSB.storyboard */; };
		34F7ED941E23FAFB00302975 /* RegisterViewController.m in Sources */ = {isa = PBXBuildFile; fileRef = 34F7ED931E23FAFB00302975 /* RegisterViewController.m */; };
		9A735CBF1E0676EE007722A4 /* toolbar-0480@2x.png in Resources */ = {isa = PBXBuildFile; fileRef = 9A735CB71E0676EE007722A4 /* toolbar-0480@2x.png */; };
		9A735CC01E0676EE007722A4 /* toolbar-0480@3x.png in Resources */ = {isa = PBXBuildFile; fileRef = 9A735CB81E0676EE007722A4 /* toolbar-0480@3x.png */; };
		9A735CC11E0676EE007722A4 /* defaultAvatar@2x.png in Resources */ = {isa = PBXBuildFile; fileRef = 9A735CB91E0676EE007722A4 /* defaultAvatar@2x.png */; };
		9A735CC21E0676EE007722A4 /* defaultAvatar@3x.png in Resources */ = {isa = PBXBuildFile; fileRef = 9A735CBA1E0676EE007722A4 /* defaultAvatar@3x.png */; };
		9A735CC31E0676EE007722A4 /* toolbar-0065@2x.png in Resources */ = {isa = PBXBuildFile; fileRef = 9A735CBB1E0676EE007722A4 /* toolbar-0065@2x.png */; };
		9A735CC41E0676EE007722A4 /* toolbar-0065@3x.png in Resources */ = {isa = PBXBuildFile; fileRef = 9A735CBC1E0676EE007722A4 /* toolbar-0065@3x.png */; };
		9A735CC51E0676EE007722A4 /* toolbar-0022@2x.png in Resources */ = {isa = PBXBuildFile; fileRef = 9A735CBD1E0676EE007722A4 /* toolbar-0022@2x.png */; };
		9A735CC61E0676EE007722A4 /* toolbar-0022@3x.png in Resources */ = {isa = PBXBuildFile; fileRef = 9A735CBE1E0676EE007722A4 /* toolbar-0022@3x.png */; };
		9A735CD11E067701007722A4 /* normal41@2x.png in Resources */ = {isa = PBXBuildFile; fileRef = 9A735CC71E067701007722A4 /* normal41@2x.png */; };
		9A735CD21E067701007722A4 /* normal41@3x.png in Resources */ = {isa = PBXBuildFile; fileRef = 9A735CC81E067701007722A4 /* normal41@3x.png */; };
		9A735CD31E067701007722A4 /* normal1@2x.png in Resources */ = {isa = PBXBuildFile; fileRef = 9A735CC91E067701007722A4 /* normal1@2x.png */; };
		9A735CD41E067701007722A4 /* normal1@3x.png in Resources */ = {isa = PBXBuildFile; fileRef = 9A735CCA1E067701007722A4 /* normal1@3x.png */; };
		9A735CD51E067701007722A4 /* normal2@2x.png in Resources */ = {isa = PBXBuildFile; fileRef = 9A735CCB1E067701007722A4 /* normal2@2x.png */; };
		9A735CD61E067701007722A4 /* normal2@3x.png in Resources */ = {isa = PBXBuildFile; fileRef = 9A735CCC1E067701007722A4 /* normal2@3x.png */; };
		9A735CD71E067701007722A4 /* normal3@2x.png in Resources */ = {isa = PBXBuildFile; fileRef = 9A735CCD1E067701007722A4 /* normal3@2x.png */; };
		9A735CD81E067701007722A4 /* normal3@3x.png in Resources */ = {isa = PBXBuildFile; fileRef = 9A735CCE1E067701007722A4 /* normal3@3x.png */; };
		9A735CD91E067701007722A4 /* multiply@2x.png in Resources */ = {isa = PBXBuildFile; fileRef = 9A735CCF1E067701007722A4 /* multiply@2x.png */; };
		9A735CDA1E067701007722A4 /* multiply@3x.png in Resources */ = {isa = PBXBuildFile; fileRef = 9A735CD01E067701007722A4 /* multiply@3x.png */; };
		9A735CDF1E0677EF007722A4 /* rightItem.m in Sources */ = {isa = PBXBuildFile; fileRef = 9A735CDE1E0677EF007722A4 /* rightItem.m */; };
		9A735CE51E067904007722A4 /* titleView.m in Sources */ = {isa = PBXBuildFile; fileRef = 9A735CE41E067904007722A4 /* titleView.m */; };
		9A735CE91E068E55007722A4 /* rightMenuView.m in Sources */ = {isa = PBXBuildFile; fileRef = 9A735CE81E068E55007722A4 /* rightMenuView.m */; };
		9A735CEC1E0691D0007722A4 /* avaterCell.m in Sources */ = {isa = PBXBuildFile; fileRef = 9A735CEB1E0691D0007722A4 /* avaterCell.m */; };
		B1350B576CF9C4329422DA23 /* libPods-MyThemeTests.a in Frameworks */ = {isa = PBXBuildFile; fileRef = 9D3F33ADF3EFD9C687117D3F /* libPods-MyThemeTests.a */; };
		CAB6A3B8E6A1BB4EAAF785FA /* libPods-MyTheme.a in Frameworks */ = {isa = PBXBuildFile; fileRef = 60203C6019259E47805929DE /* libPods-MyTheme.a */; };
		EC11725EFA32B87F2D9959BB /* libPods-MyThemeUITests.a in Frameworks */ = {isa = PBXBuildFile; fileRef = 192D7C86BD5DB6454AD62335 /* libPods-MyThemeUITests.a */; };
/* End PBXBuildFile section */

/* Begin PBXContainerItemProxy section */
		3476B49E1E0478E1003D63FC /* PBXContainerItemProxy */ = {
			isa = PBXContainerItemProxy;
			containerPortal = 3476B47C1E0478E0003D63FC /* Project object */;
			proxyType = 1;
			remoteGlobalIDString = 3476B4831E0478E0003D63FC;
			remoteInfo = MyTheme;
		};
		3476B4A91E0478E1003D63FC /* PBXContainerItemProxy */ = {
			isa = PBXContainerItemProxy;
			containerPortal = 3476B47C1E0478E0003D63FC /* Project object */;
			proxyType = 1;
			remoteGlobalIDString = 3476B4831E0478E0003D63FC;
			remoteInfo = MyTheme;
		};
/* End PBXContainerItemProxy section */

/* Begin PBXFileReference section */
		0E759D557A28D1EF1E652406 /* Pods-MyThemeTests.debug.xcconfig */ = {isa = PBXFileReference; includeInIndex = 1; lastKnownFileType = text.xcconfig; name = "Pods-MyThemeTests.debug.xcconfig"; path = "Pods/Target Support Files/Pods-MyThemeTests/Pods-MyThemeTests.debug.xcconfig"; sourceTree = "<group>"; };
		0EBA55C845FF98A855694512 /* Pods-MyThemeTests.release.xcconfig */ = {isa = PBXFileReference; includeInIndex = 1; lastKnownFileType = text.xcconfig; name = "Pods-MyThemeTests.release.xcconfig"; path = "Pods/Target Support Files/Pods-MyThemeTests/Pods-MyThemeTests.release.xcconfig"; sourceTree = "<group>"; };
		10DBD42ABA330041A354F7A3 /* Pods-MyTheme.debug.xcconfig */ = {isa = PBXFileReference; includeInIndex = 1; lastKnownFileType = text.xcconfig; name = "Pods-MyTheme.debug.xcconfig"; path = "Pods/Target Support Files/Pods-MyTheme/Pods-MyTheme.debug.xcconfig"; sourceTree = "<group>"; };
		192D7C86BD5DB6454AD62335 /* libPods-MyThemeUITests.a */ = {isa = PBXFileReference; explicitFileType = archive.ar; includeInIndex = 0; path = "libPods-MyThemeUITests.a"; sourceTree = BUILT_PRODUCTS_DIR; };
		3437DC3E1E21ACC000B97888 /* normalCell.h */ = {isa = PBXFileReference; fileEncoding = 4; lastKnownFileType = sourcecode.c.h; path = normalCell.h; sourceTree = "<group>"; };
		3437DC3F1E21ACC000B97888 /* normalCell.m */ = {isa = PBXFileReference; fileEncoding = 4; lastKnownFileType = sourcecode.c.objc; path = normalCell.m; sourceTree = "<group>"; };
		3437DC421E21D68900B97888 /* UIView+externsion.h */ = {isa = PBXFileReference; fileEncoding = 4; lastKnownFileType = sourcecode.c.h; path = "UIView+externsion.h"; sourceTree = "<group>"; };
		3437DC431E21D68900B97888 /* UIView+externsion.m */ = {isa = PBXFileReference; fileEncoding = 4; lastKnownFileType = sourcecode.c.objc; path = "UIView+externsion.m"; sourceTree = "<group>"; };
		3437DC451E21DB7600B97888 /* UIImage+externsion.h */ = {isa = PBXFileReference; fileEncoding = 4; lastKnownFileType = sourcecode.c.h; path = "UIImage+externsion.h"; sourceTree = "<group>"; };
		3437DC461E21DB7600B97888 /* UIImage+externsion.m */ = {isa = PBXFileReference; fileEncoding = 4; lastKnownFileType = sourcecode.c.objc; path = "UIImage+externsion.m"; sourceTree = "<group>"; };
		3476B4841E0478E0003D63FC /* MyTheme.app */ = {isa = PBXFileReference; explicitFileType = wrapper.application; includeInIndex = 0; path = MyTheme.app; sourceTree = BUILT_PRODUCTS_DIR; };
		3476B4881E0478E1003D63FC /* main.m */ = {isa = PBXFileReference; lastKnownFileType = sourcecode.c.objc; path = main.m; sourceTree = "<group>"; };
		3476B48A1E0478E1003D63FC /* AppDelegate.h */ = {isa = PBXFileReference; lastKnownFileType = sourcecode.c.h; path = AppDelegate.h; sourceTree = "<group>"; };
		3476B48B1E0478E1003D63FC /* AppDelegate.m */ = {isa = PBXFileReference; lastKnownFileType = sourcecode.c.objc; path = AppDelegate.m; sourceTree = "<group>"; };
		3476B4931E0478E1003D63FC /* Assets.xcassets */ = {isa = PBXFileReference; lastKnownFileType = folder.assetcatalog; path = Assets.xcassets; sourceTree = "<group>"; };
		3476B4961E0478E1003D63FC /* Base */ = {isa = PBXFileReference; lastKnownFileType = file.storyboard; name = Base; path = Base.lproj/LaunchScreen.storyboard; sourceTree = "<group>"; };
		3476B4981E0478E1003D63FC /* Info.plist */ = {isa = PBXFileReference; lastKnownFileType = text.plist.xml; path = Info.plist; sourceTree = "<group>"; };
		3476B49D1E0478E1003D63FC /* MyThemeTests.xctest */ = {isa = PBXFileReference; explicitFileType = wrapper.cfbundle; includeInIndex = 0; path = MyThemeTests.xctest; sourceTree = BUILT_PRODUCTS_DIR; };
		3476B4A11E0478E1003D63FC /* MyThemeTests.m */ = {isa = PBXFileReference; lastKnownFileType = sourcecode.c.objc; path = MyThemeTests.m; sourceTree = "<group>"; };
		3476B4A31E0478E1003D63FC /* Info.plist */ = {isa = PBXFileReference; lastKnownFileType = text.plist.xml; path = Info.plist; sourceTree = "<group>"; };
		3476B4A81E0478E1003D63FC /* MyThemeUITests.xctest */ = {isa = PBXFileReference; explicitFileType = wrapper.cfbundle; includeInIndex = 0; path = MyThemeUITests.xctest; sourceTree = BUILT_PRODUCTS_DIR; };
		3476B4AC1E0478E1003D63FC /* MyThemeUITests.m */ = {isa = PBXFileReference; lastKnownFileType = sourcecode.c.objc; path = MyThemeUITests.m; sourceTree = "<group>"; };
		3476B4AE1E0478E1003D63FC /* Info.plist */ = {isa = PBXFileReference; lastKnownFileType = text.plist.xml; path = Info.plist; sourceTree = "<group>"; };
		3476B4BA1E04793B003D63FC /* PrefixHeader.pch */ = {isa = PBXFileReference; lastKnownFileType = sourcecode.c.h; path = PrefixHeader.pch; sourceTree = "<group>"; };
		3476B4BD1E04798F003D63FC /* constant.h */ = {isa = PBXFileReference; fileEncoding = 4; lastKnownFileType = sourcecode.c.h; path = constant.h; sourceTree = "<group>"; };
		3476B4BE1E04798F003D63FC /* constant.mm */ = {isa = PBXFileReference; fileEncoding = 4; lastKnownFileType = sourcecode.cpp.objcpp; path = constant.mm; sourceTree = "<group>"; };
		348F706A1E24173900CD2118 /* 图片 */ = {isa = PBXFileReference; lastKnownFileType = folder; path = "图片"; sourceTree = "<group>"; };
		3490FDDF1E04C2D0009AE8AC /* HomeViewController.h */ = {isa = PBXFileReference; fileEncoding = 4; lastKnownFileType = sourcecode.c.h; path = HomeViewController.h; sourceTree = "<group>"; };
		3490FDE01E04C2D0009AE8AC /* HomeViewController.m */ = {isa = PBXFileReference; fileEncoding = 4; lastKnownFileType = sourcecode.c.objc; path = HomeViewController.m; sourceTree = "<group>"; };
		34F7ED7B1E23DDA800302975 /* LoginSB.storyboard */ = {isa = PBXFileReference; fileEncoding = 4; lastKnownFileType = file.storyboard; path = LoginSB.storyboard; sourceTree = "<group>"; };
		34F7ED7F1E23E01000302975 /* Icon-2.png */ = {isa = PBXFileReference; lastKnownFileType = image.png; path = "Icon-2.png"; sourceTree = "<group>"; };
		34F7ED811E23E37200302975 /* LoginViewController.h */ = {isa = PBXFileReference; fileEncoding = 4; lastKnownFileType = sourcecode.c.h; path = LoginViewController.h; sourceTree = "<group>"; };
		34F7ED821E23E37200302975 /* LoginViewController.m */ = {isa = PBXFileReference; fileEncoding = 4; lastKnownFileType = sourcecode.c.objc; path = LoginViewController.m; sourceTree = "<group>"; };
		34F7ED861E23E4C000302975 /* Icon-1.png */ = {isa = PBXFileReference; lastKnownFileType = image.png; path = "Icon-1.png"; sourceTree = "<group>"; };
		34F7ED891E23EC5200302975 /* XKeyBoard.m */ = {isa = PBXFileReference; fileEncoding = 4; lastKnownFileType = sourcecode.c.objc; path = XKeyBoard.m; sourceTree = "<group>"; };
		34F7ED8A1E23EC5200302975 /* XKeyBoard.h */ = {isa = PBXFileReference; fileEncoding = 4; lastKnownFileType = sourcecode.c.h; path = XKeyBoard.h; sourceTree = "<group>"; };
		34F7ED901E23F8CC00302975 /* registerSB.storyboard */ = {isa = PBXFileReference; fileEncoding = 4; lastKnownFileType = file.storyboard; path = registerSB.storyboard; sourceTree = "<group>"; };
		34F7ED921E23FAFB00302975 /* RegisterViewController.h */ = {isa = PBXFileReference; fileEncoding = 4; lastKnownFileType = sourcecode.c.h; path = RegisterViewController.h; sourceTree = "<group>"; };
		34F7ED931E23FAFB00302975 /* RegisterViewController.m */ = {isa = PBXFileReference; fileEncoding = 4; lastKnownFileType = sourcecode.c.objc; path = RegisterViewController.m; sourceTree = "<group>"; };
		564CEBC17947B4482CAC9CF4 /* Pods-MyThemeUITests.release.xcconfig */ = {isa = PBXFileReference; includeInIndex = 1; lastKnownFileType = text.xcconfig; name = "Pods-MyThemeUITests.release.xcconfig"; path = "Pods/Target Support Files/Pods-MyThemeUITests/Pods-MyThemeUITests.release.xcconfig"; sourceTree = "<group>"; };
		60203C6019259E47805929DE /* libPods-MyTheme.a */ = {isa = PBXFileReference; explicitFileType = archive.ar; includeInIndex = 0; path = "libPods-MyTheme.a"; sourceTree = BUILT_PRODUCTS_DIR; };
		8EA1B29E8C191585A88DA61B /* Pods-MyTheme.release.xcconfig */ = {isa = PBXFileReference; includeInIndex = 1; lastKnownFileType = text.xcconfig; name = "Pods-MyTheme.release.xcconfig"; path = "Pods/Target Support Files/Pods-MyTheme/Pods-MyTheme.release.xcconfig"; sourceTree = "<group>"; };
		9A735CB71E0676EE007722A4 /* toolbar-0480@2x.png */ = {isa = PBXFileReference; lastKnownFileType = image.png; path = "toolbar-0480@2x.png"; sourceTree = "<group>"; };
		9A735CB81E0676EE007722A4 /* toolbar-0480@3x.png */ = {isa = PBXFileReference; lastKnownFileType = image.png; path = "toolbar-0480@3x.png"; sourceTree = "<group>"; };
		9A735CB91E0676EE007722A4 /* defaultAvatar@2x.png */ = {isa = PBXFileReference; lastKnownFileType = image.png; path = "defaultAvatar@2x.png"; sourceTree = "<group>"; };
		9A735CBA1E0676EE007722A4 /* defaultAvatar@3x.png */ = {isa = PBXFileReference; lastKnownFileType = image.png; path = "defaultAvatar@3x.png"; sourceTree = "<group>"; };
		9A735CBB1E0676EE007722A4 /* toolbar-0065@2x.png */ = {isa = PBXFileReference; lastKnownFileType = image.png; path = "toolbar-0065@2x.png"; sourceTree = "<group>"; };
		9A735CBC1E0676EE007722A4 /* toolbar-0065@3x.png */ = {isa = PBXFileReference; lastKnownFileType = image.png; path = "toolbar-0065@3x.png"; sourceTree = "<group>"; };
		9A735CBD1E0676EE007722A4 /* toolbar-0022@2x.png */ = {isa = PBXFileReference; lastKnownFileType = image.png; path = "toolbar-0022@2x.png"; sourceTree = "<group>"; };
		9A735CBE1E0676EE007722A4 /* toolbar-0022@3x.png */ = {isa = PBXFileReference; lastKnownFileType = image.png; path = "toolbar-0022@3x.png"; sourceTree = "<group>"; };
		9A735CC71E067701007722A4 /* normal41@2x.png */ = {isa = PBXFileReference; lastKnownFileType = image.png; path = "normal41@2x.png"; sourceTree = "<group>"; };
		9A735CC81E067701007722A4 /* normal41@3x.png */ = {isa = PBXFileReference; lastKnownFileType = image.png; path = "normal41@3x.png"; sourceTree = "<group>"; };
		9A735CC91E067701007722A4 /* normal1@2x.png */ = {isa = PBXFileReference; lastKnownFileType = image.png; path = "normal1@2x.png"; sourceTree = "<group>"; };
		9A735CCA1E067701007722A4 /* normal1@3x.png */ = {isa = PBXFileReference; lastKnownFileType = image.png; path = "normal1@3x.png"; sourceTree = "<group>"; };
		9A735CCB1E067701007722A4 /* normal2@2x.png */ = {isa = PBXFileReference; lastKnownFileType = image.png; path = "normal2@2x.png"; sourceTree = "<group>"; };
		9A735CCC1E067701007722A4 /* normal2@3x.png */ = {isa = PBXFileReference; lastKnownFileType = image.png; path = "normal2@3x.png"; sourceTree = "<group>"; };
		9A735CCD1E067701007722A4 /* normal3@2x.png */ = {isa = PBXFileReference; lastKnownFileType = image.png; path = "normal3@2x.png"; sourceTree = "<group>"; };
		9A735CCE1E067701007722A4 /* normal3@3x.png */ = {isa = PBXFileReference; lastKnownFileType = image.png; path = "normal3@3x.png"; sourceTree = "<group>"; };
		9A735CCF1E067701007722A4 /* multiply@2x.png */ = {isa = PBXFileReference; lastKnownFileType = image.png; path = "multiply@2x.png"; sourceTree = "<group>"; };
		9A735CD01E067701007722A4 /* multiply@3x.png */ = {isa = PBXFileReference; lastKnownFileType = image.png; path = "multiply@3x.png"; sourceTree = "<group>"; };
		9A735CDD1E0677EF007722A4 /* rightItem.h */ = {isa = PBXFileReference; fileEncoding = 4; lastKnownFileType = sourcecode.c.h; path = rightItem.h; sourceTree = "<group>"; };
		9A735CDE1E0677EF007722A4 /* rightItem.m */ = {isa = PBXFileReference; fileEncoding = 4; lastKnownFileType = sourcecode.c.objc; path = rightItem.m; sourceTree = "<group>"; };
		9A735CE31E067904007722A4 /* titleView.h */ = {isa = PBXFileReference; fileEncoding = 4; lastKnownFileType = sourcecode.c.h; path = titleView.h; sourceTree = "<group>"; };
		9A735CE41E067904007722A4 /* titleView.m */ = {isa = PBXFileReference; fileEncoding = 4; lastKnownFileType = sourcecode.c.objc; path = titleView.m; sourceTree = "<group>"; };
		9A735CE71E068E55007722A4 /* rightMenuView.h */ = {isa = PBXFileReference; fileEncoding = 4; lastKnownFileType = sourcecode.c.h; path = rightMenuView.h; sourceTree = "<group>"; };
		9A735CE81E068E55007722A4 /* rightMenuView.m */ = {isa = PBXFileReference; fileEncoding = 4; lastKnownFileType = sourcecode.c.objc; path = rightMenuView.m; sourceTree = "<group>"; };
		9A735CEA1E0691D0007722A4 /* avaterCell.h */ = {isa = PBXFileReference; fileEncoding = 4; lastKnownFileType = sourcecode.c.h; path = avaterCell.h; sourceTree = "<group>"; };
		9A735CEB1E0691D0007722A4 /* avaterCell.m */ = {isa = PBXFileReference; fileEncoding = 4; lastKnownFileType = sourcecode.c.objc; path = avaterCell.m; sourceTree = "<group>"; };
		9D3F33ADF3EFD9C687117D3F /* libPods-MyThemeTests.a */ = {isa = PBXFileReference; explicitFileType = archive.ar; includeInIndex = 0; path = "libPods-MyThemeTests.a"; sourceTree = BUILT_PRODUCTS_DIR; };
		C27ECDC7AFED32F45A685DFE /* Pods-MyThemeUITests.debug.xcconfig */ = {isa = PBXFileReference; includeInIndex = 1; lastKnownFileType = text.xcconfig; name = "Pods-MyThemeUITests.debug.xcconfig"; path = "Pods/Target Support Files/Pods-MyThemeUITests/Pods-MyThemeUITests.debug.xcconfig"; sourceTree = "<group>"; };
/* End PBXFileReference section */

/* Begin PBXFrameworksBuildPhase section */
		3476B4811E0478E0003D63FC /* Frameworks */ = {
			isa = PBXFrameworksBuildPhase;
			buildActionMask = 2147483647;
			files = (
				CAB6A3B8E6A1BB4EAAF785FA /* libPods-MyTheme.a in Frameworks */,
			);
			runOnlyForDeploymentPostprocessing = 0;
		};
		3476B49A1E0478E1003D63FC /* Frameworks */ = {
			isa = PBXFrameworksBuildPhase;
			buildActionMask = 2147483647;
			files = (
				B1350B576CF9C4329422DA23 /* libPods-MyThemeTests.a in Frameworks */,
			);
			runOnlyForDeploymentPostprocessing = 0;
		};
		3476B4A51E0478E1003D63FC /* Frameworks */ = {
			isa = PBXFrameworksBuildPhase;
			buildActionMask = 2147483647;
			files = (
				EC11725EFA32B87F2D9959BB /* libPods-MyThemeUITests.a in Frameworks */,
			);
			runOnlyForDeploymentPostprocessing = 0;
		};
/* End PBXFrameworksBuildPhase section */

/* Begin PBXGroup section */
		3437DC411E21D65900B97888 /* Externsion */ = {
			isa = PBXGroup;
			children = (
				3437DC421E21D68900B97888 /* UIView+externsion.h */,
				3437DC431E21D68900B97888 /* UIView+externsion.m */,
				3437DC451E21DB7600B97888 /* UIImage+externsion.h */,
				3437DC461E21DB7600B97888 /* UIImage+externsion.m */,
			);
			name = Externsion;
			sourceTree = "<group>";
		};
		3476B47B1E0478E0003D63FC = {
			isa = PBXGroup;
			children = (
				3476B4861E0478E0003D63FC /* MyTheme */,
				3476B4A01E0478E1003D63FC /* MyThemeTests */,
				3476B4AB1E0478E1003D63FC /* MyThemeUITests */,
				3476B4851E0478E0003D63FC /* Products */,
				BEA2F91CBA2A132DA369D9AE /* Pods */,
				5C0AB143826B6C3AE039E47B /* Frameworks */,
			);
			sourceTree = "<group>";
		};
		3476B4851E0478E0003D63FC /* Products */ = {
			isa = PBXGroup;
			children = (
				3476B4841E0478E0003D63FC /* MyTheme.app */,
				3476B49D1E0478E1003D63FC /* MyThemeTests.xctest */,
				3476B4A81E0478E1003D63FC /* MyThemeUITests.xctest */,
			);
			name = Products;
			sourceTree = "<group>";
		};
		3476B4861E0478E0003D63FC /* MyTheme */ = {
			isa = PBXGroup;
			children = (
				34F7ED881E23EC4000302975 /* ThirdKit */,
				3437DC411E21D65900B97888 /* Externsion */,
				9A735CDC1E06779E007722A4 /* View */,
				9A735CB61E0676D7007722A4 /* image */,
				34F7ED791E23DBAA00302975 /* 登录注册 */,
				3490FDDE1E04C2B3009AE8AC /* Controller */,
				3476B4BC1E04796D003D63FC /* constant */,
				3476B4BB1E04794E003D63FC /* APPDelegate */,
				3476B4931E0478E1003D63FC /* Assets.xcassets */,
				3476B4951E0478E1003D63FC /* LaunchScreen.storyboard */,
				3476B4981E0478E1003D63FC /* Info.plist */,
				3476B4871E0478E1003D63FC /* Supporting Files */,
				3476B4BA1E04793B003D63FC /* PrefixHeader.pch */,
			);
			path = MyTheme;
			sourceTree = "<group>";
		};
		3476B4871E0478E1003D63FC /* Supporting Files */ = {
			isa = PBXGroup;
			children = (
				3476B4881E0478E1003D63FC /* main.m */,
			);
			name = "Supporting Files";
			sourceTree = "<group>";
		};
		3476B4A01E0478E1003D63FC /* MyThemeTests */ = {
			isa = PBXGroup;
			children = (
				3476B4A11E0478E1003D63FC /* MyThemeTests.m */,
				3476B4A31E0478E1003D63FC /* Info.plist */,
			);
			path = MyThemeTests;
			sourceTree = "<group>";
		};
		3476B4AB1E0478E1003D63FC /* MyThemeUITests */ = {
			isa = PBXGroup;
			children = (
				3476B4AC1E0478E1003D63FC /* MyThemeUITests.m */,
				3476B4AE1E0478E1003D63FC /* Info.plist */,
			);
			path = MyThemeUITests;
			sourceTree = "<group>";
		};
		3476B4BB1E04794E003D63FC /* APPDelegate */ = {
			isa = PBXGroup;
			children = (
				3476B48A1E0478E1003D63FC /* AppDelegate.h */,
				3476B48B1E0478E1003D63FC /* AppDelegate.m */,
			);
			name = APPDelegate;
			sourceTree = "<group>";
		};
		3476B4BC1E04796D003D63FC /* constant */ = {
			isa = PBXGroup;
			children = (
				3476B4BD1E04798F003D63FC /* constant.h */,
				3476B4BE1E04798F003D63FC /* constant.mm */,
			);
			name = constant;
			sourceTree = "<group>";
		};
		3490FDDE1E04C2B3009AE8AC /* Controller */ = {
			isa = PBXGroup;
			children = (
				9A735CDB1E06778F007722A4 /* mainController */,
			);
			name = Controller;
			sourceTree = "<group>";
		};
		34F7ED791E23DBAA00302975 /* 登录注册 */ = {
			isa = PBXGroup;
			children = (
				34F7ED8E1E23F87800302975 /* 登录 */,
				34F7ED8C1E23F86400302975 /* 注册 */,
			);
			name = "登录注册";
			sourceTree = "<group>";
		};
		34F7ED7A1E23DBF000302975 /* SB */ = {
			isa = PBXGroup;
			children = (
			);
			name = SB;
			sourceTree = "<group>";
		};
		34F7ED841E23E37A00302975 /* C */ = {
			isa = PBXGroup;
			children = (
			);
			name = C;
			sourceTree = "<group>";
		};
		34F7ED881E23EC4000302975 /* ThirdKit */ = {
			isa = PBXGroup;
			children = (
				34F7ED891E23EC5200302975 /* XKeyBoard.m */,
				34F7ED8A1E23EC5200302975 /* XKeyBoard.h */,
			);
			name = ThirdKit;
			sourceTree = "<group>";
		};
		34F7ED8C1E23F86400302975 /* 注册 */ = {
			isa = PBXGroup;
			children = (
				34F7ED8F1E23F89C00302975 /* C */,
				34F7ED8D1E23F87300302975 /* SB */,
			);
			name = "注册";
			sourceTree = "<group>";
		};
		34F7ED8D1E23F87300302975 /* SB */ = {
			isa = PBXGroup;
			children = (
				34F7ED901E23F8CC00302975 /* registerSB.storyboard */,
			);
			name = SB;
			sourceTree = "<group>";
		};
		34F7ED8E1E23F87800302975 /* 登录 */ = {
			isa = PBXGroup;
			children = (
				34F7ED841E23E37A00302975 /* C */,
				34F7ED811E23E37200302975 /* LoginViewController.h */,
				34F7ED821E23E37200302975 /* LoginViewController.m */,
				34F7ED7A1E23DBF000302975 /* SB */,
				34F7ED7B1E23DDA800302975 /* LoginSB.storyboard */,
			);
			name = "登录";
			sourceTree = "<group>";
		};
		34F7ED8F1E23F89C00302975 /* C */ = {
			isa = PBXGroup;
			children = (
				34F7ED921E23FAFB00302975 /* RegisterViewController.h */,
				34F7ED931E23FAFB00302975 /* RegisterViewController.m */,
			);
			name = C;
			sourceTree = "<group>";
		};
		5C0AB143826B6C3AE039E47B /* Frameworks */ = {
			isa = PBXGroup;
			children = (
				60203C6019259E47805929DE /* libPods-MyTheme.a */,
				9D3F33ADF3EFD9C687117D3F /* libPods-MyThemeTests.a */,
				192D7C86BD5DB6454AD62335 /* libPods-MyThemeUITests.a */,
			);
			name = Frameworks;
			sourceTree = "<group>";
		};
		9A735CB61E0676D7007722A4 /* image */ = {
			isa = PBXGroup;
			children = (
				348F706A1E24173900CD2118 /* 图片 */,
				34F7ED7F1E23E01000302975 /* Icon-2.png */,
				9A735CC71E067701007722A4 /* normal41@2x.png */,
				9A735CC81E067701007722A4 /* normal41@3x.png */,
				9A735CC91E067701007722A4 /* normal1@2x.png */,
				9A735CCA1E067701007722A4 /* normal1@3x.png */,
				9A735CCB1E067701007722A4 /* normal2@2x.png */,
				9A735CCC1E067701007722A4 /* normal2@3x.png */,
				9A735CCD1E067701007722A4 /* normal3@2x.png */,
				9A735CCE1E067701007722A4 /* normal3@3x.png */,
				9A735CCF1E067701007722A4 /* multiply@2x.png */,
				9A735CD01E067701007722A4 /* multiply@3x.png */,
				9A735CB71E0676EE007722A4 /* toolbar-0480@2x.png */,
				9A735CB81E0676EE007722A4 /* toolbar-0480@3x.png */,
				9A735CB91E0676EE007722A4 /* defaultAvatar@2x.png */,
				9A735CBA1E0676EE007722A4 /* defaultAvatar@3x.png */,
				9A735CBB1E0676EE007722A4 /* toolbar-0065@2x.png */,
				9A735CBC1E0676EE007722A4 /* toolbar-0065@3x.png */,
				9A735CBD1E0676EE007722A4 /* toolbar-0022@2x.png */,
				9A735CBE1E0676EE007722A4 /* toolbar-0022@3x.png */,
				34F7ED861E23E4C000302975 /* Icon-1.png */,
			);
			name = image;
			sourceTree = "<group>";
		};
		9A735CDB1E06778F007722A4 /* mainController */ = {
			isa = PBXGroup;
			children = (
				3490FDDF1E04C2D0009AE8AC /* HomeViewController.h */,
				3490FDE01E04C2D0009AE8AC /* HomeViewController.m */,
			);
			name = mainController;
			sourceTree = "<group>";
		};
		9A735CDC1E06779E007722A4 /* View */ = {
			isa = PBXGroup;
			children = (
				9A735CE21E067809007722A4 /* MainTitle View */,
				9A735CE01E0677F4007722A4 /* rigthItem */,
			);
			name = View;
			sourceTree = "<group>";
		};
		9A735CE01E0677F4007722A4 /* rigthItem */ = {
			isa = PBXGroup;
			children = (
				9A735CE11E0677FE007722A4 /* Cell */,
				9A735CDD1E0677EF007722A4 /* rightItem.h */,
				9A735CDE1E0677EF007722A4 /* rightItem.m */,
				9A735CE71E068E55007722A4 /* rightMenuView.h */,
				9A735CE81E068E55007722A4 /* rightMenuView.m */,
			);
			name = rigthItem;
			sourceTree = "<group>";
		};
		9A735CE11E0677FE007722A4 /* Cell */ = {
			isa = PBXGroup;
			children = (
				9A735CEA1E0691D0007722A4 /* avaterCell.h */,
				9A735CEB1E0691D0007722A4 /* avaterCell.m */,
				3437DC3E1E21ACC000B97888 /* normalCell.h */,
				3437DC3F1E21ACC000B97888 /* normalCell.m */,
			);
			name = Cell;
			sourceTree = "<group>";
		};
		9A735CE21E067809007722A4 /* MainTitle View */ = {
			isa = PBXGroup;
			children = (
				9A735CE31E067904007722A4 /* titleView.h */,
				9A735CE41E067904007722A4 /* titleView.m */,
			);
			name = "MainTitle View";
			sourceTree = "<group>";
		};
		BEA2F91CBA2A132DA369D9AE /* Pods */ = {
			isa = PBXGroup;
			children = (
				10DBD42ABA330041A354F7A3 /* Pods-MyTheme.debug.xcconfig */,
				8EA1B29E8C191585A88DA61B /* Pods-MyTheme.release.xcconfig */,
				0E759D557A28D1EF1E652406 /* Pods-MyThemeTests.debug.xcconfig */,
				0EBA55C845FF98A855694512 /* Pods-MyThemeTests.release.xcconfig */,
				C27ECDC7AFED32F45A685DFE /* Pods-MyThemeUITests.debug.xcconfig */,
				564CEBC17947B4482CAC9CF4 /* Pods-MyThemeUITests.release.xcconfig */,
			);
			name = Pods;
			sourceTree = "<group>";
		};
/* End PBXGroup section */

/* Begin PBXNativeTarget section */
		3476B4831E0478E0003D63FC /* MyTheme */ = {
			isa = PBXNativeTarget;
			buildConfigurationList = 3476B4B11E0478E1003D63FC /* Build configuration list for PBXNativeTarget "MyTheme" */;
			buildPhases = (
				A93E81F314D396FE1BDD0C17 /* [CP] Check Pods Manifest.lock */,
				3476B4801E0478E0003D63FC /* Sources */,
				3476B4811E0478E0003D63FC /* Frameworks */,
				3476B4821E0478E0003D63FC /* Resources */,
				D76D570F0853CEC88AB20554 /* [CP] Embed Pods Frameworks */,
				FA2227EA466875CB4EF0B9F9 /* [CP] Copy Pods Resources */,
			);
			buildRules = (
			);
			dependencies = (
			);
			name = MyTheme;
			productName = MyTheme;
			productReference = 3476B4841E0478E0003D63FC /* MyTheme.app */;
			productType = "com.apple.product-type.application";
		};
		3476B49C1E0478E1003D63FC /* MyThemeTests */ = {
			isa = PBXNativeTarget;
			buildConfigurationList = 3476B4B41E0478E1003D63FC /* Build configuration list for PBXNativeTarget "MyThemeTests" */;
			buildPhases = (
				58C4563264559E434E743A75 /* [CP] Check Pods Manifest.lock */,
				3476B4991E0478E1003D63FC /* Sources */,
				3476B49A1E0478E1003D63FC /* Frameworks */,
				3476B49B1E0478E1003D63FC /* Resources */,
				7DC6D3599DBB4AE85084CAF7 /* [CP] Embed Pods Frameworks */,
				5EFD080A1D1513751D95D772 /* [CP] Copy Pods Resources */,
			);
			buildRules = (
			);
			dependencies = (
				3476B49F1E0478E1003D63FC /* PBXTargetDependency */,
			);
			name = MyThemeTests;
			productName = MyThemeTests;
			productReference = 3476B49D1E0478E1003D63FC /* MyThemeTests.xctest */;
			productType = "com.apple.product-type.bundle.unit-test";
		};
		3476B4A71E0478E1003D63FC /* MyThemeUITests */ = {
			isa = PBXNativeTarget;
			buildConfigurationList = 3476B4B71E0478E1003D63FC /* Build configuration list for PBXNativeTarget "MyThemeUITests" */;
			buildPhases = (
				DB0C638D680F686373C14C42 /* [CP] Check Pods Manifest.lock */,
				3476B4A41E0478E1003D63FC /* Sources */,
				3476B4A51E0478E1003D63FC /* Frameworks */,
				3476B4A61E0478E1003D63FC /* Resources */,
				FD8E453554A84A269EFC97AD /* [CP] Copy Pods Resources */,
			);
			buildRules = (
			);
			dependencies = (
				3476B4AA1E0478E1003D63FC /* PBXTargetDependency */,
			);
			name = MyThemeUITests;
			productName = MyThemeUITests;
			productReference = 3476B4A81E0478E1003D63FC /* MyThemeUITests.xctest */;
			productType = "com.apple.product-type.bundle.ui-testing";
		};
/* End PBXNativeTarget section */

/* Begin PBXProject section */
		3476B47C1E0478E0003D63FC /* Project object */ = {
			isa = PBXProject;
			attributes = {
				LastUpgradeCheck = 0820;
				ORGANIZATIONNAME = "放爷小MAC";
				TargetAttributes = {
					3476B4831E0478E0003D63FC = {
						CreatedOnToolsVersion = 7.3;
						DevelopmentTeam = 9R8R6F698E;
					};
					3476B49C1E0478E1003D63FC = {
						CreatedOnToolsVersion = 7.3;
						TestTargetID = 3476B4831E0478E0003D63FC;
					};
					3476B4A71E0478E1003D63FC = {
						CreatedOnToolsVersion = 7.3;
						TestTargetID = 3476B4831E0478E0003D63FC;
					};
				};
			};
			buildConfigurationList = 3476B47F1E0478E0003D63FC /* Build configuration list for PBXProject "MyTheme" */;
			compatibilityVersion = "Xcode 3.2";
			developmentRegion = English;
			hasScannedForEncodings = 0;
			knownRegions = (
				en,
				Base,
			);
			mainGroup = 3476B47B1E0478E0003D63FC;
			productRefGroup = 3476B4851E0478E0003D63FC /* Products */;
			projectDirPath = "";
			projectRoot = "";
			targets = (
				3476B4831E0478E0003D63FC /* MyTheme */,
				3476B49C1E0478E1003D63FC /* MyThemeTests */,
				3476B4A71E0478E1003D63FC /* MyThemeUITests */,
			);
		};
/* End PBXProject section */

/* Begin PBXResourcesBuildPhase section */
		3476B4821E0478E0003D63FC /* Resources */ = {
			isa = PBXResourcesBuildPhase;
			buildActionMask = 2147483647;
			files = (
				3476B4971E0478E1003D63FC /* LaunchScreen.storyboard in Resources */,
				9A735CDA1E067701007722A4 /* multiply@3x.png in Resources */,
				9A735CD11E067701007722A4 /* normal41@2x.png in Resources */,
				9A735CC11E0676EE007722A4 /* defaultAvatar@2x.png in Resources */,
				9A735CD31E067701007722A4 /* normal1@2x.png in Resources */,
				9A735CD71E067701007722A4 /* normal3@2x.png in Resources */,
				34F7ED7C1E23DDA800302975 /* LoginSB.storyboard in Resources */,
				34F7ED801E23E01000302975 /* Icon-2.png in Resources */,
				9A735CC31E0676EE007722A4 /* toolbar-0065@2x.png in Resources */,
				9A735CD21E067701007722A4 /* normal41@3x.png in Resources */,
				9A735CC01E0676EE007722A4 /* toolbar-0480@3x.png in Resources */,
				9A735CD61E067701007722A4 /* normal2@3x.png in Resources */,
				9A735CD51E067701007722A4 /* normal2@2x.png in Resources */,
				9A735CC41E0676EE007722A4 /* toolbar-0065@3x.png in Resources */,
				9A735CC51E0676EE007722A4 /* toolbar-0022@2x.png in Resources */,
				348F706B1E24173900CD2118 /* 图片 in Resources */,
				9A735CBF1E0676EE007722A4 /* toolbar-0480@2x.png in Resources */,
				9A735CD91E067701007722A4 /* multiply@2x.png in Resources */,
				9A735CD41E067701007722A4 /* normal1@3x.png in Resources */,
				9A735CC21E0676EE007722A4 /* defaultAvatar@3x.png in Resources */,
				34F7ED871E23E4C000302975 /* Icon-1.png in Resources */,
				9A735CD81E067701007722A4 /* normal3@3x.png in Resources */,
				3476B4941E0478E1003D63FC /* Assets.xcassets in Resources */,
				34F7ED911E23F8CC00302975 /* registerSB.storyboard in Resources */,
				9A735CC61E0676EE007722A4 /* toolbar-0022@3x.png in Resources */,
			);
			runOnlyForDeploymentPostprocessing = 0;
		};
		3476B49B1E0478E1003D63FC /* Resources */ = {
			isa = PBXResourcesBuildPhase;
			buildActionMask = 2147483647;
			files = (
			);
			runOnlyForDeploymentPostprocessing = 0;
		};
		3476B4A61E0478E1003D63FC /* Resources */ = {
			isa = PBXResourcesBuildPhase;
			buildActionMask = 2147483647;
			files = (
			);
			runOnlyForDeploymentPostprocessing = 0;
		};
/* End PBXResourcesBuildPhase section */

/* Begin PBXShellScriptBuildPhase section */
		58C4563264559E434E743A75 /* [CP] Check Pods Manifest.lock */ = {
			isa = PBXShellScriptBuildPhase;
			buildActionMask = 2147483647;
			files = (
			);
			inputPaths = (
			);
			name = "[CP] Check Pods Manifest.lock";
			outputPaths = (
			);
			runOnlyForDeploymentPostprocessing = 0;
			shellPath = /bin/sh;
			shellScript = "diff \"${PODS_ROOT}/../Podfile.lock\" \"${PODS_ROOT}/Manifest.lock\" > /dev/null\nif [[ $? != 0 ]] ; then\n    cat << EOM\nerror: The sandbox is not in sync with the Podfile.lock. Run 'pod install' or update your CocoaPods installation.\nEOM\n    exit 1\nfi\n";
			showEnvVarsInLog = 0;
		};
		5EFD080A1D1513751D95D772 /* [CP] Copy Pods Resources */ = {
			isa = PBXShellScriptBuildPhase;
			buildActionMask = 2147483647;
			files = (
			);
			inputPaths = (
			);
			name = "[CP] Copy Pods Resources";
			outputPaths = (
			);
			runOnlyForDeploymentPostprocessing = 0;
			shellPath = /bin/sh;
			shellScript = "\"${SRCROOT}/Pods/Target Support Files/Pods-MyThemeTests/Pods-MyThemeTests-resources.sh\"\n";
			showEnvVarsInLog = 0;
		};
		7DC6D3599DBB4AE85084CAF7 /* [CP] Embed Pods Frameworks */ = {
			isa = PBXShellScriptBuildPhase;
			buildActionMask = 2147483647;
			files = (
			);
			inputPaths = (
			);
			name = "[CP] Embed Pods Frameworks";
			outputPaths = (
			);
			runOnlyForDeploymentPostprocessing = 0;
			shellPath = /bin/sh;
			shellScript = "\"${SRCROOT}/Pods/Target Support Files/Pods-MyThemeTests/Pods-MyThemeTests-frameworks.sh\"\n";
			showEnvVarsInLog = 0;
		};
		A93E81F314D396FE1BDD0C17 /* [CP] Check Pods Manifest.lock */ = {
			isa = PBXShellScriptBuildPhase;
			buildActionMask = 2147483647;
			files = (
			);
			inputPaths = (
			);
			name = "[CP] Check Pods Manifest.lock";
			outputPaths = (
			);
			runOnlyForDeploymentPostprocessing = 0;
			shellPath = /bin/sh;
			shellScript = "diff \"${PODS_ROOT}/../Podfile.lock\" \"${PODS_ROOT}/Manifest.lock\" > /dev/null\nif [[ $? != 0 ]] ; then\n    cat << EOM\nerror: The sandbox is not in sync with the Podfile.lock. Run 'pod install' or update your CocoaPods installation.\nEOM\n    exit 1\nfi\n";
			showEnvVarsInLog = 0;
		};
		D76D570F0853CEC88AB20554 /* [CP] Embed Pods Frameworks */ = {
			isa = PBXShellScriptBuildPhase;
			buildActionMask = 2147483647;
			files = (
			);
			inputPaths = (
			);
			name = "[CP] Embed Pods Frameworks";
			outputPaths = (
			);
			runOnlyForDeploymentPostprocessing = 0;
			shellPath = /bin/sh;
			shellScript = "\"${SRCROOT}/Pods/Target Support Files/Pods-MyTheme/Pods-MyTheme-frameworks.sh\"\n";
			showEnvVarsInLog = 0;
		};
		DB0C638D680F686373C14C42 /* [CP] Check Pods Manifest.lock */ = {
			isa = PBXShellScriptBuildPhase;
			buildActionMask = 2147483647;
			files = (
			);
			inputPaths = (
			);
			name = "[CP] Check Pods Manifest.lock";
			outputPaths = (
			);
			runOnlyForDeploymentPostprocessing = 0;
			shellPath = /bin/sh;
			shellScript = "diff \"${PODS_ROOT}/../Podfile.lock\" \"${PODS_ROOT}/Manifest.lock\" > /dev/null\nif [[ $? != 0 ]] ; then\n    cat << EOM\nerror: The sandbox is not in sync with the Podfile.lock. Run 'pod install' or update your CocoaPods installation.\nEOM\n    exit 1\nfi\n";
			showEnvVarsInLog = 0;
		};
		FA2227EA466875CB4EF0B9F9 /* [CP] Copy Pods Resources */ = {
			isa = PBXShellScriptBuildPhase;
			buildActionMask = 2147483647;
			files = (
			);
			inputPaths = (
			);
			name = "[CP] Copy Pods Resources";
			outputPaths = (
			);
			runOnlyForDeploymentPostprocessing = 0;
			shellPath = /bin/sh;
			shellScript = "\"${SRCROOT}/Pods/Target Support Files/Pods-MyTheme/Pods-MyTheme-resources.sh\"\n";
			showEnvVarsInLog = 0;
		};
		FD8E453554A84A269EFC97AD /* [CP] Copy Pods Resources */ = {
			isa = PBXShellScriptBuildPhase;
			buildActionMask = 2147483647;
			files = (
			);
			inputPaths = (
			);
			name = "[CP] Copy Pods Resources";
			outputPaths = (
			);
			runOnlyForDeploymentPostprocessing = 0;
			shellPath = /bin/sh;
			shellScript = "\"${SRCROOT}/Pods/Target Support Files/Pods-MyThemeUITests/Pods-MyThemeUITests-resources.sh\"\n";
			showEnvVarsInLog = 0;
		};
/* End PBXShellScriptBuildPhase section */

/* Begin PBXSourcesBuildPhase section */
		3476B4801E0478E0003D63FC /* Sources */ = {
			isa = PBXSourcesBuildPhase;
			buildActionMask = 2147483647;
			files = (
				3476B4BF1E04798F003D63FC /* constant.mm in Sources */,
				3437DC471E21DB7600B97888 /* UIImage+externsion.m in Sources */,
				3476B48C1E0478E1003D63FC /* AppDelegate.m in Sources */,
				9A735CE91E068E55007722A4 /* rightMenuView.m in Sources */,
				34F7ED8B1E23EC5200302975 /* XKeyBoard.m in Sources */,
				3437DC441E21D68900B97888 /* UIView+externsion.m in Sources */,
				9A735CDF1E0677EF007722A4 /* rightItem.m in Sources */,
				3437DC401E21ACC000B97888 /* normalCell.m in Sources */,
				3476B4891E0478E1003D63FC /* main.m in Sources */,
				34F7ED831E23E37200302975 /* LoginViewController.m in Sources */,
				9A735CEC1E0691D0007722A4 /* avaterCell.m in Sources */,
				34F7ED941E23FAFB00302975 /* RegisterViewController.m in Sources */,
				3490FDE11E04C2D0009AE8AC /* HomeViewController.m in Sources */,
				9A735CE51E067904007722A4 /* titleView.m in Sources */,
			);
			runOnlyForDeploymentPostprocessing = 0;
		};
		3476B4991E0478E1003D63FC /* Sources */ = {
			isa = PBXSourcesBuildPhase;
			buildActionMask = 2147483647;
			files = (
				3476B4A21E0478E1003D63FC /* MyThemeTests.m in Sources */,
			);
			runOnlyForDeploymentPostprocessing = 0;
		};
		3476B4A41E0478E1003D63FC /* Sources */ = {
			isa = PBXSourcesBuildPhase;
			buildActionMask = 2147483647;
			files = (
				3476B4AD1E0478E1003D63FC /* MyThemeUITests.m in Sources */,
			);
			runOnlyForDeploymentPostprocessing = 0;
		};
/* End PBXSourcesBuildPhase section */

/* Begin PBXTargetDependency section */
		3476B49F1E0478E1003D63FC /* PBXTargetDependency */ = {
			isa = PBXTargetDependency;
			target = 3476B4831E0478E0003D63FC /* MyTheme */;
			targetProxy = 3476B49E1E0478E1003D63FC /* PBXContainerItemProxy */;
		};
		3476B4AA1E0478E1003D63FC /* PBXTargetDependency */ = {
			isa = PBXTargetDependency;
			target = 3476B4831E0478E0003D63FC /* MyTheme */;
			targetProxy = 3476B4A91E0478E1003D63FC /* PBXContainerItemProxy */;
		};
/* End PBXTargetDependency section */

/* Begin PBXVariantGroup section */
		3476B4951E0478E1003D63FC /* LaunchScreen.storyboard */ = {
			isa = PBXVariantGroup;
			children = (
				3476B4961E0478E1003D63FC /* Base */,
			);
			name = LaunchScreen.storyboard;
			sourceTree = "<group>";
		};
/* End PBXVariantGroup section */

/* Begin XCBuildConfiguration section */
		3476B4AF1E0478E1003D63FC /* Debug */ = {
			isa = XCBuildConfiguration;
			buildSettings = {
				ALWAYS_SEARCH_USER_PATHS = NO;
				CLANG_ANALYZER_NONNULL = YES;
				CLANG_CXX_LANGUAGE_STANDARD = "gnu++0x";
				CLANG_CXX_LIBRARY = "libc++";
				CLANG_ENABLE_MODULES = YES;
				CLANG_ENABLE_OBJC_ARC = YES;
				CLANG_WARN_BOOL_CONVERSION = YES;
				CLANG_WARN_CONSTANT_CONVERSION = YES;
				CLANG_WARN_DIRECT_OBJC_ISA_USAGE = YES_ERROR;
				CLANG_WARN_EMPTY_BODY = YES;
				CLANG_WARN_ENUM_CONVERSION = YES;
				CLANG_WARN_INFINITE_RECURSION = YES;
				CLANG_WARN_INT_CONVERSION = YES;
				CLANG_WARN_OBJC_ROOT_CLASS = YES_ERROR;
				CLANG_WARN_SUSPICIOUS_MOVE = YES;
				CLANG_WARN_UNREACHABLE_CODE = YES;
				CLANG_WARN__DUPLICATE_METHOD_MATCH = YES;
				"CODE_SIGN_IDENTITY[sdk=iphoneos*]" = "iPhone Developer";
				COPY_PHASE_STRIP = NO;
				DEBUG_INFORMATION_FORMAT = dwarf;
				ENABLE_STRICT_OBJC_MSGSEND = YES;
				ENABLE_TESTABILITY = YES;
				GCC_C_LANGUAGE_STANDARD = gnu99;
				GCC_DYNAMIC_NO_PIC = NO;
				GCC_NO_COMMON_BLOCKS = YES;
				GCC_OPTIMIZATION_LEVEL = 0;
				GCC_PREFIX_HEADER = $SRCROOT/MyTheme/PrefixHeader.pch;
				GCC_PREPROCESSOR_DEFINITIONS = (
					"DEBUG=1",
					"$(inherited)",
				);
				GCC_WARN_64_TO_32_BIT_CONVERSION = YES;
				GCC_WARN_ABOUT_RETURN_TYPE = YES_ERROR;
				GCC_WARN_UNDECLARED_SELECTOR = YES;
				GCC_WARN_UNINITIALIZED_AUTOS = YES_AGGRESSIVE;
				GCC_WARN_UNUSED_FUNCTION = YES;
				GCC_WARN_UNUSED_VARIABLE = YES;
				IPHONEOS_DEPLOYMENT_TARGET = 9.3;
				MTL_ENABLE_DEBUG_INFO = YES;
				ONLY_ACTIVE_ARCH = YES;
				SDKROOT = iphoneos;
				TARGETED_DEVICE_FAMILY = "1,2";
			};
			name = Debug;
		};
		3476B4B01E0478E1003D63FC /* Release */ = {
			isa = XCBuildConfiguration;
			buildSettings = {
				ALWAYS_SEARCH_USER_PATHS = NO;
				CLANG_ANALYZER_NONNULL = YES;
				CLANG_CXX_LANGUAGE_STANDARD = "gnu++0x";
				CLANG_CXX_LIBRARY = "libc++";
				CLANG_ENABLE_MODULES = YES;
				CLANG_ENABLE_OBJC_ARC = YES;
				CLANG_WARN_BOOL_CONVERSION = YES;
				CLANG_WARN_CONSTANT_CONVERSION = YES;
				CLANG_WARN_DIRECT_OBJC_ISA_USAGE = YES_ERROR;
				CLANG_WARN_EMPTY_BODY = YES;
				CLANG_WARN_ENUM_CONVERSION = YES;
				CLANG_WARN_INFINITE_RECURSION = YES;
				CLANG_WARN_INT_CONVERSION = YES;
				CLANG_WARN_OBJC_ROOT_CLASS = YES_ERROR;
				CLANG_WARN_SUSPICIOUS_MOVE = YES;
				CLANG_WARN_UNREACHABLE_CODE = YES;
				CLANG_WARN__DUPLICATE_METHOD_MATCH = YES;
				"CODE_SIGN_IDENTITY[sdk=iphoneos*]" = "iPhone Developer";
				COPY_PHASE_STRIP = NO;
				DEBUG_INFORMATION_FORMAT = "dwarf-with-dsym";
				ENABLE_NS_ASSERTIONS = NO;
				ENABLE_STRICT_OBJC_MSGSEND = YES;
				GCC_C_LANGUAGE_STANDARD = gnu99;
				GCC_NO_COMMON_BLOCKS = YES;
				GCC_PREFIX_HEADER = $SRCROOT/MyTheme/PrefixHeader.pch;
				GCC_WARN_64_TO_32_BIT_CONVERSION = YES;
				GCC_WARN_ABOUT_RETURN_TYPE = YES_ERROR;
				GCC_WARN_UNDECLARED_SELECTOR = YES;
				GCC_WARN_UNINITIALIZED_AUTOS = YES_AGGRESSIVE;
				GCC_WARN_UNUSED_FUNCTION = YES;
				GCC_WARN_UNUSED_VARIABLE = YES;
				IPHONEOS_DEPLOYMENT_TARGET = 9.3;
				MTL_ENABLE_DEBUG_INFO = NO;
				SDKROOT = iphoneos;
				TARGETED_DEVICE_FAMILY = "1,2";
				VALIDATE_PRODUCT = YES;
			};
			name = Release;
		};
		3476B4B21E0478E1003D63FC /* Debug */ = {
			isa = XCBuildConfiguration;
			baseConfigurationReference = 10DBD42ABA330041A354F7A3 /* Pods-MyTheme.debug.xcconfig */;
			buildSettings = {
				ASSETCATALOG_COMPILER_APPICON_NAME = AppIcon;
				CODE_SIGN_IDENTITY = "iPhone Developer";
				"CODE_SIGN_IDENTITY[sdk=iphoneos*]" = "iPhone Developer";
				INFOPLIST_FILE = MyTheme/Info.plist;
				LD_RUNPATH_SEARCH_PATHS = "$(inherited) @executable_path/Frameworks";
				PRODUCT_BUNDLE_IDENTIFIER = com.fangchuyu.MyTheme;
				PRODUCT_NAME = "$(TARGET_NAME)";
				PROVISIONING_PROFILE = "";
			};
			name = Debug;
		};
		3476B4B31E0478E1003D63FC /* Release */ = {
			isa = XCBuildConfiguration;
			baseConfigurationReference = 8EA1B29E8C191585A88DA61B /* Pods-MyTheme.release.xcconfig */;
			buildSettings = {
				ASSETCATALOG_COMPILER_APPICON_NAME = AppIcon;
				CODE_SIGN_IDENTITY = "iPhone Developer";
				"CODE_SIGN_IDENTITY[sdk=iphoneos*]" = "iPhone Developer";
				INFOPLIST_FILE = MyTheme/Info.plist;
				LD_RUNPATH_SEARCH_PATHS = "$(inherited) @executable_path/Frameworks";
				PRODUCT_BUNDLE_IDENTIFIER = com.fangchuyu.MyTheme;
				PRODUCT_NAME = "$(TARGET_NAME)";
				PROVISIONING_PROFILE = "";
			};
			name = Release;
		};
		3476B4B51E0478E1003D63FC /* Debug */ = {
			isa = XCBuildConfiguration;
			baseConfigurationReference = 0E759D557A28D1EF1E652406 /* Pods-MyThemeTests.debug.xcconfig */;
			buildSettings = {
				BUNDLE_LOADER = "$(TEST_HOST)";
				INFOPLIST_FILE = MyThemeTests/Info.plist;
				LD_RUNPATH_SEARCH_PATHS = "$(inherited) @executable_path/Frameworks @loader_path/Frameworks";
				PRODUCT_BUNDLE_IDENTIFIER = com.fangchuyu.MyThemeTests;
				PRODUCT_NAME = "$(TARGET_NAME)";
				TEST_HOST = "$(BUILT_PRODUCTS_DIR)/MyTheme.app/MyTheme";
			};
			name = Debug;
		};
		3476B4B61E0478E1003D63FC /* Release */ = {
			isa = XCBuildConfiguration;
			baseConfigurationReference = 0EBA55C845FF98A855694512 /* Pods-MyThemeTests.release.xcconfig */;
			buildSettings = {
				BUNDLE_LOADER = "$(TEST_HOST)";
				INFOPLIST_FILE = MyThemeTests/Info.plist;
				LD_RUNPATH_SEARCH_PATHS = "$(inherited) @executable_path/Frameworks @loader_path/Frameworks";
				PRODUCT_BUNDLE_IDENTIFIER = com.fangchuyu.MyThemeTests;
				PRODUCT_NAME = "$(TARGET_NAME)";
				TEST_HOST = "$(BUILT_PRODUCTS_DIR)/MyTheme.app/MyTheme";
			};
			name = Release;
		};
		3476B4B81E0478E1003D63FC /* Debug */ = {
			isa = XCBuildConfiguration;
			baseConfigurationReference = C27ECDC7AFED32F45A685DFE /* Pods-MyThemeUITests.debug.xcconfig */;
			buildSettings = {
				INFOPLIST_FILE = MyThemeUITests/Info.plist;
				LD_RUNPATH_SEARCH_PATHS = "$(inherited) @executable_path/Frameworks @loader_path/Frameworks";
				PRODUCT_BUNDLE_IDENTIFIER = com.fangchuyu.MyThemeUITests;
				PRODUCT_NAME = "$(TARGET_NAME)";
				TEST_TARGET_NAME = MyTheme;
			};
			name = Debug;
		};
		3476B4B91E0478E1003D63FC /* Release */ = {
			isa = XCBuildConfiguration;
			baseConfigurationReference = 564CEBC17947B4482CAC9CF4 /* Pods-MyThemeUITests.release.xcconfig */;
			buildSettings = {
				INFOPLIST_FILE = MyThemeUITests/Info.plist;
				LD_RUNPATH_SEARCH_PATHS = "$(inherited) @executable_path/Frameworks @loader_path/Frameworks";
				PRODUCT_BUNDLE_IDENTIFIER = com.fangchuyu.MyThemeUITests;
				PRODUCT_NAME = "$(TARGET_NAME)";
				TEST_TARGET_NAME = MyTheme;
			};
			name = Release;
		};
/* End XCBuildConfiguration section */

/* Begin XCConfigurationList section */
		3476B47F1E0478E0003D63FC /* Build configuration list for PBXProject "MyTheme" */ = {
			isa = XCConfigurationList;
			buildConfigurations = (
				3476B4AF1E0478E1003D63FC /* Debug */,
				3476B4B01E0478E1003D63FC /* Release */,
			);
			defaultConfigurationIsVisible = 0;
			defaultConfigurationName = Release;
		};
		3476B4B11E0478E1003D63FC /* Build configuration list for PBXNativeTarget "MyTheme" */ = {
			isa = XCConfigurationList;
			buildConfigurations = (
				3476B4B21E0478E1003D63FC /* Debug */,
				3476B4B31E0478E1003D63FC /* Release */,
			);
			defaultConfigurationIsVisible = 0;
			defaultConfigurationName = Release;
		};
		3476B4B41E0478E1003D63FC /* Build configuration list for PBXNativeTarget "MyThemeTests" */ = {
			isa = XCConfigurationList;
			buildConfigurations = (
				3476B4B51E0478E1003D63FC /* Debug */,
				3476B4B61E0478E1003D63FC /* Release */,
			);
			defaultConfigurationIsVisible = 0;
			defaultConfigurationName = Release;
		};
		3476B4B71E0478E1003D63FC /* Build configuration list for PBXNativeTarget "MyThemeUITests" */ = {
			isa = XCConfigurationList;
			buildConfigurations = (
				3476B4B81E0478E1003D63FC /* Debug */,
				3476B4B91E0478E1003D63FC /* Release */,
			);
			defaultConfigurationIsVisible = 0;
			defaultConfigurationName = Release;
		};
/* End XCConfigurationList section */
	};
	rootObject = 3476B47C1E0478E0003D63FC /* Project object */;
}
